// !$*UTF8*$!
{
	archiveVersion = 1;
	classes = {
	};
	objectVersion = 51;
	objects = {

/* Begin PBXBuildFile section */
		01BE11C3EC7C4EA9BC094E08 /* Foundation.ttf in Resources */ = {isa = PBXBuildFile; fileRef = 51FD4CC782EA4D22B83A33E5 /* Foundation.ttf */; };
		05A2FC7C910849A38B71AC22 /* AdventPro-ExtraLight.ttf in Resources */ = {isa = PBXBuildFile; fileRef = 11D529048294442DBDC522EF /* AdventPro-ExtraLight.ttf */; };
		0D3698649952BF93CC94ABBB /* libPods-ChoreFishReact.a in Frameworks */ = {isa = PBXBuildFile; fileRef = 63651B8201DB502CE918AAD4 /* libPods-ChoreFishReact.a */; };
		13B07FBC1A68108700A75B9A /* AppDelegate.m in Sources */ = {isa = PBXBuildFile; fileRef = 13B07FB01A68108700A75B9A /* AppDelegate.m */; };
		13B07FBD1A68108700A75B9A /* LaunchScreen.xib in Resources */ = {isa = PBXBuildFile; fileRef = 13B07FB11A68108700A75B9A /* LaunchScreen.xib */; };
		13B07FBF1A68108700A75B9A /* Images.xcassets in Resources */ = {isa = PBXBuildFile; fileRef = 13B07FB51A68108700A75B9A /* Images.xcassets */; };
		13B07FC11A68108700A75B9A /* main.m in Sources */ = {isa = PBXBuildFile; fileRef = 13B07FB71A68108700A75B9A /* main.m */; };
		2290D3614E1E4CD887A82338 /* Ionicons.ttf in Resources */ = {isa = PBXBuildFile; fileRef = 82C2E4B63C354321AF9A88B6 /* Ionicons.ttf */; };
		33F45DBEB18F4EFF945F2C61 /* Fontisto.ttf in Resources */ = {isa = PBXBuildFile; fileRef = D67C73F8CF57475EB037E201 /* Fontisto.ttf */; };
		34CB62A24BB34F77B91C4C58 /* AdventPro-Bold.ttf in Resources */ = {isa = PBXBuildFile; fileRef = 0AB88482D91A4C8B8A39C836 /* AdventPro-Bold.ttf */; };
		5012F79EEF5B4D9CBB0CDC03 /* Entypo.ttf in Resources */ = {isa = PBXBuildFile; fileRef = D86EB258F2664AFEBC6CDC27 /* Entypo.ttf */; };
		531BD13720784723913D3878 /* FontAwesome5_Regular.ttf in Resources */ = {isa = PBXBuildFile; fileRef = 688E83E00F2047ACBE25275F /* FontAwesome5_Regular.ttf */; };
		57222C750FAE43D6BC1CE064 /* FontAwesome5_Brands.ttf in Resources */ = {isa = PBXBuildFile; fileRef = 53497DA4109743CD9A0B4AC6 /* FontAwesome5_Brands.ttf */; };
		5839AB10120C46DDA67D0AFE /* AdventPro-Light.ttf in Resources */ = {isa = PBXBuildFile; fileRef = EE656C73A8654BA19CB55FAB /* AdventPro-Light.ttf */; };
		587E9FCAF4D843BB8436591C /* MaterialCommunityIcons.ttf in Resources */ = {isa = PBXBuildFile; fileRef = FCEB731DE90D48EDB912A9F9 /* MaterialCommunityIcons.ttf */; };
		59CE0EDA63A946ABB8064611 /* Octicons.ttf in Resources */ = {isa = PBXBuildFile; fileRef = 08715402D1DB456BBA178AA0 /* Octicons.ttf */; };
		5AE0B2F63B6847AB9B51C005 /* AdventPro-Medium.ttf in Resources */ = {isa = PBXBuildFile; fileRef = 783049ACD2744E29A09DFFB5 /* AdventPro-Medium.ttf */; };
		61CD846425C64D918B495637 /* FontAwesome5_Solid.ttf in Resources */ = {isa = PBXBuildFile; fileRef = C66ABBA3359C4B8B8AC7563D /* FontAwesome5_Solid.ttf */; };
		71712AE0735547E0ACEFB339 /* EvilIcons.ttf in Resources */ = {isa = PBXBuildFile; fileRef = 050AAA8A740042A08593CE64 /* EvilIcons.ttf */; };
		740E5F11627D489E9BA8B90D /* MaterialIcons.ttf in Resources */ = {isa = PBXBuildFile; fileRef = 3D4CA9FD27474F8DAB733FE2 /* MaterialIcons.ttf */; };
		75D0DA6E6D744610AC1F98DA /* FontAwesome.ttf in Resources */ = {isa = PBXBuildFile; fileRef = 1DFC298D243C485CB2EC170B /* FontAwesome.ttf */; };
		8CE3AC25492F4B14856C8EA7 /* SimpleLineIcons.ttf in Resources */ = {isa = PBXBuildFile; fileRef = 823C2903424A47B4B4381571 /* SimpleLineIcons.ttf */; };
		9A4AC710FE024559BF0959C5 /* Feather.ttf in Resources */ = {isa = PBXBuildFile; fileRef = 96D76FDCB5A64F2698E41DF9 /* Feather.ttf */; };
		B02366590AFA4B47863C3821 /* AdventPro-Regular.ttf in Resources */ = {isa = PBXBuildFile; fileRef = 2793C96802B94577AD29BD56 /* AdventPro-Regular.ttf */; };
		B21BB6ACBE1C41A39E7F8CED /* boyzrgro.ttf in Resources */ = {isa = PBXBuildFile; fileRef = 1DA75C80CCF645C49E936C76 /* boyzrgro.ttf */; };
		C3BB81A8B00D44D7B84867C4 /* BoyzRGross.ttf in Resources */ = {isa = PBXBuildFile; fileRef = 9B4704AAC88147B38EAAEED1 /* BoyzRGross.ttf */; };
		E465E6760DA54A1DB9B09BA7 /* AntDesign.ttf in Resources */ = {isa = PBXBuildFile; fileRef = 4107BDFDDC6A4818AAE7DEAD /* AntDesign.ttf */; };
		E60B268E23657ECD00E798A1 /* TPSStripe in Resources */ = {isa = PBXBuildFile; fileRef = E60B268D23657ECC00E798A1 /* TPSStripe */; };
		E6F648C3236564B400FFE463 /* boyzrgross.ttf in Resources */ = {isa = PBXBuildFile; fileRef = E6F648C2236564B400FFE463 /* boyzrgross.ttf */; };
		EC3E40B9CB6E43129B449484 /* Zocial.ttf in Resources */ = {isa = PBXBuildFile; fileRef = 662D4156B5F746C288BA3461 /* Zocial.ttf */; };
		F17863CACAC94C67883CCC58 /* AdventPro-Thin.ttf in Resources */ = {isa = PBXBuildFile; fileRef = C0BA46D50121405CB72DB161 /* AdventPro-Thin.ttf */; };
		F5C6C3176387452C9B9B680E /* AdventPro-SemiBold.ttf in Resources */ = {isa = PBXBuildFile; fileRef = D59860265EE9466FB3D3FC59 /* AdventPro-SemiBold.ttf */; };
/* End PBXBuildFile section */

/* Begin PBXFileReference section */
		008F07F21AC5B25A0029DE68 /* main.jsbundle */ = {isa = PBXFileReference; fileEncoding = 4; lastKnownFileType = text; path = main.jsbundle; sourceTree = "<group>"; };
		00E356F11AD99517003FC87E /* Info.plist */ = {isa = PBXFileReference; lastKnownFileType = text.plist.xml; path = Info.plist; sourceTree = "<group>"; };
		00E356F21AD99517003FC87E /* ChoreFishReactTests.m */ = {isa = PBXFileReference; lastKnownFileType = sourcecode.c.objc; path = ChoreFishReactTests.m; sourceTree = "<group>"; };
		050AAA8A740042A08593CE64 /* EvilIcons.ttf */ = {isa = PBXFileReference; explicitFileType = undefined; fileEncoding = 9; includeInIndex = 0; lastKnownFileType = unknown; name = EvilIcons.ttf; path = "../node_modules/react-native-vector-icons/Fonts/EvilIcons.ttf"; sourceTree = "<group>"; };
		08715402D1DB456BBA178AA0 /* Octicons.ttf */ = {isa = PBXFileReference; explicitFileType = undefined; fileEncoding = 9; includeInIndex = 0; lastKnownFileType = unknown; name = Octicons.ttf; path = "../node_modules/react-native-vector-icons/Fonts/Octicons.ttf"; sourceTree = "<group>"; };
		0AB88482D91A4C8B8A39C836 /* AdventPro-Bold.ttf */ = {isa = PBXFileReference; explicitFileType = undefined; fileEncoding = 9; includeInIndex = 0; lastKnownFileType = unknown; name = "AdventPro-Bold.ttf"; path = "../Fonts/AdventPro-Bold.ttf"; sourceTree = "<group>"; };
		11D529048294442DBDC522EF /* AdventPro-ExtraLight.ttf */ = {isa = PBXFileReference; explicitFileType = undefined; fileEncoding = 9; includeInIndex = 0; lastKnownFileType = unknown; name = "AdventPro-ExtraLight.ttf"; path = "../Fonts/AdventPro-ExtraLight.ttf"; sourceTree = "<group>"; };
		13B07F961A680F5B00A75B9A /* ChoreFishReact.app */ = {isa = PBXFileReference; explicitFileType = wrapper.application; includeInIndex = 0; path = ChoreFishReact.app; sourceTree = BUILT_PRODUCTS_DIR; };
		13B07FAF1A68108700A75B9A /* AppDelegate.h */ = {isa = PBXFileReference; fileEncoding = 4; lastKnownFileType = sourcecode.c.h; name = AppDelegate.h; path = ChoreFishReact/AppDelegate.h; sourceTree = "<group>"; };
		13B07FB01A68108700A75B9A /* AppDelegate.m */ = {isa = PBXFileReference; fileEncoding = 4; lastKnownFileType = sourcecode.c.objc; name = AppDelegate.m; path = ChoreFishReact/AppDelegate.m; sourceTree = "<group>"; };
		13B07FB21A68108700A75B9A /* Base */ = {isa = PBXFileReference; lastKnownFileType = file.xib; name = Base; path = Base.lproj/LaunchScreen.xib; sourceTree = "<group>"; };
		13B07FB51A68108700A75B9A /* Images.xcassets */ = {isa = PBXFileReference; lastKnownFileType = folder.assetcatalog; name = Images.xcassets; path = ChoreFishReact/Images.xcassets; sourceTree = "<group>"; };
		13B07FB61A68108700A75B9A /* Info.plist */ = {isa = PBXFileReference; fileEncoding = 4; lastKnownFileType = text.plist.xml; name = Info.plist; path = ChoreFishReact/Info.plist; sourceTree = "<group>"; };
		13B07FB71A68108700A75B9A /* main.m */ = {isa = PBXFileReference; fileEncoding = 4; lastKnownFileType = sourcecode.c.objc; name = main.m; path = ChoreFishReact/main.m; sourceTree = "<group>"; };
		1DA75C80CCF645C49E936C76 /* boyzrgro.ttf */ = {isa = PBXFileReference; explicitFileType = undefined; fileEncoding = 9; includeInIndex = 0; lastKnownFileType = unknown; name = boyzrgro.ttf; path = ../Fonts/boyzrgro.ttf; sourceTree = "<group>"; };
		1DFC298D243C485CB2EC170B /* FontAwesome.ttf */ = {isa = PBXFileReference; explicitFileType = undefined; fileEncoding = 9; includeInIndex = 0; lastKnownFileType = unknown; name = FontAwesome.ttf; path = "../node_modules/react-native-vector-icons/Fonts/FontAwesome.ttf"; sourceTree = "<group>"; };
		2793C96802B94577AD29BD56 /* AdventPro-Regular.ttf */ = {isa = PBXFileReference; explicitFileType = undefined; fileEncoding = 9; includeInIndex = 0; lastKnownFileType = unknown; name = "AdventPro-Regular.ttf"; path = "../Fonts/AdventPro-Regular.ttf"; sourceTree = "<group>"; };
		3D4CA9FD27474F8DAB733FE2 /* MaterialIcons.ttf */ = {isa = PBXFileReference; explicitFileType = undefined; fileEncoding = 9; includeInIndex = 0; lastKnownFileType = unknown; name = MaterialIcons.ttf; path = "../node_modules/react-native-vector-icons/Fonts/MaterialIcons.ttf"; sourceTree = "<group>"; };
		4107BDFDDC6A4818AAE7DEAD /* AntDesign.ttf */ = {isa = PBXFileReference; explicitFileType = undefined; fileEncoding = 9; includeInIndex = 0; lastKnownFileType = unknown; name = AntDesign.ttf; path = "../node_modules/react-native-vector-icons/Fonts/AntDesign.ttf"; sourceTree = "<group>"; };
		51FD4CC782EA4D22B83A33E5 /* Foundation.ttf */ = {isa = PBXFileReference; explicitFileType = undefined; fileEncoding = 9; includeInIndex = 0; lastKnownFileType = unknown; name = Foundation.ttf; path = "../node_modules/react-native-vector-icons/Fonts/Foundation.ttf"; sourceTree = "<group>"; };
		53497DA4109743CD9A0B4AC6 /* FontAwesome5_Brands.ttf */ = {isa = PBXFileReference; explicitFileType = undefined; fileEncoding = 9; includeInIndex = 0; lastKnownFileType = unknown; name = FontAwesome5_Brands.ttf; path = "../node_modules/react-native-vector-icons/Fonts/FontAwesome5_Brands.ttf"; sourceTree = "<group>"; };
		61CFA0D79928E42D15899512 /* Pods-ChoreFishReact.debug.xcconfig */ = {isa = PBXFileReference; includeInIndex = 1; lastKnownFileType = text.xcconfig; name = "Pods-ChoreFishReact.debug.xcconfig"; path = "Target Support Files/Pods-ChoreFishReact/Pods-ChoreFishReact.debug.xcconfig"; sourceTree = "<group>"; };
		633EBDCF47E537D662259B77 /* Pods-ChoreFishReactTests.release.xcconfig */ = {isa = PBXFileReference; includeInIndex = 1; lastKnownFileType = text.xcconfig; name = "Pods-ChoreFishReactTests.release.xcconfig"; path = "Target Support Files/Pods-ChoreFishReactTests/Pods-ChoreFishReactTests.release.xcconfig"; sourceTree = "<group>"; };
		63651B8201DB502CE918AAD4 /* libPods-ChoreFishReact.a */ = {isa = PBXFileReference; explicitFileType = archive.ar; includeInIndex = 0; path = "libPods-ChoreFishReact.a"; sourceTree = BUILT_PRODUCTS_DIR; };
		662D4156B5F746C288BA3461 /* Zocial.ttf */ = {isa = PBXFileReference; explicitFileType = undefined; fileEncoding = 9; includeInIndex = 0; lastKnownFileType = unknown; name = Zocial.ttf; path = "../node_modules/react-native-vector-icons/Fonts/Zocial.ttf"; sourceTree = "<group>"; };
		6659185C569567AB3C2680E0 /* Pods-ChoreFishReact-tvOS.release.xcconfig */ = {isa = PBXFileReference; includeInIndex = 1; lastKnownFileType = text.xcconfig; name = "Pods-ChoreFishReact-tvOS.release.xcconfig"; path = "Target Support Files/Pods-ChoreFishReact-tvOS/Pods-ChoreFishReact-tvOS.release.xcconfig"; sourceTree = "<group>"; };
		688E83E00F2047ACBE25275F /* FontAwesome5_Regular.ttf */ = {isa = PBXFileReference; explicitFileType = undefined; fileEncoding = 9; includeInIndex = 0; lastKnownFileType = unknown; name = FontAwesome5_Regular.ttf; path = "../node_modules/react-native-vector-icons/Fonts/FontAwesome5_Regular.ttf"; sourceTree = "<group>"; };
		6D19530EC6DA5E0BD0849670 /* Pods-ChoreFishReact-tvOSTests.debug.xcconfig */ = {isa = PBXFileReference; includeInIndex = 1; lastKnownFileType = text.xcconfig; name = "Pods-ChoreFishReact-tvOSTests.debug.xcconfig"; path = "Target Support Files/Pods-ChoreFishReact-tvOSTests/Pods-ChoreFishReact-tvOSTests.debug.xcconfig"; sourceTree = "<group>"; };
		783049ACD2744E29A09DFFB5 /* AdventPro-Medium.ttf */ = {isa = PBXFileReference; explicitFileType = undefined; fileEncoding = 9; includeInIndex = 0; lastKnownFileType = unknown; name = "AdventPro-Medium.ttf"; path = "../Fonts/AdventPro-Medium.ttf"; sourceTree = "<group>"; };
		823C2903424A47B4B4381571 /* SimpleLineIcons.ttf */ = {isa = PBXFileReference; explicitFileType = undefined; fileEncoding = 9; includeInIndex = 0; lastKnownFileType = unknown; name = SimpleLineIcons.ttf; path = "../node_modules/react-native-vector-icons/Fonts/SimpleLineIcons.ttf"; sourceTree = "<group>"; };
		82C2E4B63C354321AF9A88B6 /* Ionicons.ttf */ = {isa = PBXFileReference; explicitFileType = undefined; fileEncoding = 9; includeInIndex = 0; lastKnownFileType = unknown; name = Ionicons.ttf; path = "../node_modules/react-native-vector-icons/Fonts/Ionicons.ttf"; sourceTree = "<group>"; };
		96D76FDCB5A64F2698E41DF9 /* Feather.ttf */ = {isa = PBXFileReference; explicitFileType = undefined; fileEncoding = 9; includeInIndex = 0; lastKnownFileType = unknown; name = Feather.ttf; path = "../node_modules/react-native-vector-icons/Fonts/Feather.ttf"; sourceTree = "<group>"; };
		9B4704AAC88147B38EAAEED1 /* BoyzRGross.ttf */ = {isa = PBXFileReference; explicitFileType = undefined; fileEncoding = 9; includeInIndex = 0; lastKnownFileType = unknown; name = BoyzRGross.ttf; path = ../Fonts/BoyzRGross.ttf; sourceTree = "<group>"; };
		9F397970C4D871588301FD0D /* libPods-ChoreFishReact-tvOS.a */ = {isa = PBXFileReference; explicitFileType = archive.ar; includeInIndex = 0; path = "libPods-ChoreFishReact-tvOS.a"; sourceTree = BUILT_PRODUCTS_DIR; };
		BB5F061E6464E89B14B4C112 /* libPods-ChoreFishReact-tvOSTests.a */ = {isa = PBXFileReference; explicitFileType = archive.ar; includeInIndex = 0; path = "libPods-ChoreFishReact-tvOSTests.a"; sourceTree = BUILT_PRODUCTS_DIR; };
		C0BA46D50121405CB72DB161 /* AdventPro-Thin.ttf */ = {isa = PBXFileReference; explicitFileType = undefined; fileEncoding = 9; includeInIndex = 0; lastKnownFileType = unknown; name = "AdventPro-Thin.ttf"; path = "../Fonts/AdventPro-Thin.ttf"; sourceTree = "<group>"; };
		C665D6670F10DF9C4770681B /* Pods-ChoreFishReact.release.xcconfig */ = {isa = PBXFileReference; includeInIndex = 1; lastKnownFileType = text.xcconfig; name = "Pods-ChoreFishReact.release.xcconfig"; path = "Target Support Files/Pods-ChoreFishReact/Pods-ChoreFishReact.release.xcconfig"; sourceTree = "<group>"; };
		C66ABBA3359C4B8B8AC7563D /* FontAwesome5_Solid.ttf */ = {isa = PBXFileReference; explicitFileType = undefined; fileEncoding = 9; includeInIndex = 0; lastKnownFileType = unknown; name = FontAwesome5_Solid.ttf; path = "../node_modules/react-native-vector-icons/Fonts/FontAwesome5_Solid.ttf"; sourceTree = "<group>"; };
		CDD88240BFFF2A5C8DDDBB2F /* libPods-ChoreFishReactTests.a */ = {isa = PBXFileReference; explicitFileType = archive.ar; includeInIndex = 0; path = "libPods-ChoreFishReactTests.a"; sourceTree = BUILT_PRODUCTS_DIR; };
		D59860265EE9466FB3D3FC59 /* AdventPro-SemiBold.ttf */ = {isa = PBXFileReference; explicitFileType = undefined; fileEncoding = 9; includeInIndex = 0; lastKnownFileType = unknown; name = "AdventPro-SemiBold.ttf"; path = "../Fonts/AdventPro-SemiBold.ttf"; sourceTree = "<group>"; };
		D67C73F8CF57475EB037E201 /* Fontisto.ttf */ = {isa = PBXFileReference; explicitFileType = undefined; fileEncoding = 9; includeInIndex = 0; lastKnownFileType = unknown; name = Fontisto.ttf; path = "../node_modules/react-native-vector-icons/Fonts/Fontisto.ttf"; sourceTree = "<group>"; };
		D86EB258F2664AFEBC6CDC27 /* Entypo.ttf */ = {isa = PBXFileReference; explicitFileType = undefined; fileEncoding = 9; includeInIndex = 0; lastKnownFileType = unknown; name = Entypo.ttf; path = "../node_modules/react-native-vector-icons/Fonts/Entypo.ttf"; sourceTree = "<group>"; };
		DD77C402904A39E6DBF3F096 /* Pods-ChoreFishReact-tvOSTests.release.xcconfig */ = {isa = PBXFileReference; includeInIndex = 1; lastKnownFileType = text.xcconfig; name = "Pods-ChoreFishReact-tvOSTests.release.xcconfig"; path = "Target Support Files/Pods-ChoreFishReact-tvOSTests/Pods-ChoreFishReact-tvOSTests.release.xcconfig"; sourceTree = "<group>"; };
		E303D8379CC337B2A6DF32B6 /* Pods-ChoreFishReact-tvOS.debug.xcconfig */ = {isa = PBXFileReference; includeInIndex = 1; lastKnownFileType = text.xcconfig; name = "Pods-ChoreFishReact-tvOS.debug.xcconfig"; path = "Target Support Files/Pods-ChoreFishReact-tvOS/Pods-ChoreFishReact-tvOS.debug.xcconfig"; sourceTree = "<group>"; };
		E60B268D23657ECC00E798A1 /* TPSStripe */ = {isa = PBXFileReference; lastKnownFileType = folder; name = TPSStripe; path = "../node_modules/tipsi-stripe/ios/TPSStripe"; sourceTree = "<group>"; };
		E6F648C2236564B400FFE463 /* boyzrgross.ttf */ = {isa = PBXFileReference; lastKnownFileType = file; name = boyzrgross.ttf; path = Fonts/boyzrgross.ttf; sourceTree = "<group>"; };
		ED297162215061F000B7C4FE /* JavaScriptCore.framework */ = {isa = PBXFileReference; lastKnownFileType = wrapper.framework; name = JavaScriptCore.framework; path = System/Library/Frameworks/JavaScriptCore.framework; sourceTree = SDKROOT; };
		ED2971642150620600B7C4FE /* JavaScriptCore.framework */ = {isa = PBXFileReference; lastKnownFileType = wrapper.framework; name = JavaScriptCore.framework; path = Platforms/AppleTVOS.platform/Developer/SDKs/AppleTVOS12.0.sdk/System/Library/Frameworks/JavaScriptCore.framework; sourceTree = DEVELOPER_DIR; };
		EE656C73A8654BA19CB55FAB /* AdventPro-Light.ttf */ = {isa = PBXFileReference; explicitFileType = undefined; fileEncoding = 9; includeInIndex = 0; lastKnownFileType = unknown; name = "AdventPro-Light.ttf"; path = "../Fonts/AdventPro-Light.ttf"; sourceTree = "<group>"; };
		F09F278C63E2C855B1C5051C /* Pods-ChoreFishReactTests.debug.xcconfig */ = {isa = PBXFileReference; includeInIndex = 1; lastKnownFileType = text.xcconfig; name = "Pods-ChoreFishReactTests.debug.xcconfig"; path = "Target Support Files/Pods-ChoreFishReactTests/Pods-ChoreFishReactTests.debug.xcconfig"; sourceTree = "<group>"; };
		FCEB731DE90D48EDB912A9F9 /* MaterialCommunityIcons.ttf */ = {isa = PBXFileReference; explicitFileType = undefined; fileEncoding = 9; includeInIndex = 0; lastKnownFileType = unknown; name = MaterialCommunityIcons.ttf; path = "../node_modules/react-native-vector-icons/Fonts/MaterialCommunityIcons.ttf"; sourceTree = "<group>"; };
/* End PBXFileReference section */

/* Begin PBXFrameworksBuildPhase section */
		13B07F8C1A680F5B00A75B9A /* Frameworks */ = {
			isa = PBXFrameworksBuildPhase;
			buildActionMask = 2147483647;
			files = (
				0D3698649952BF93CC94ABBB /* libPods-ChoreFishReact.a in Frameworks */,
			);
			runOnlyForDeploymentPostprocessing = 0;
		};
/* End PBXFrameworksBuildPhase section */

/* Begin PBXGroup section */
		00E356EF1AD99517003FC87E /* ChoreFishReactTests */ = {
			isa = PBXGroup;
			children = (
				00E356F21AD99517003FC87E /* ChoreFishReactTests.m */,
				00E356F01AD99517003FC87E /* Supporting Files */,
			);
			path = ChoreFishReactTests;
			sourceTree = "<group>";
		};
		00E356F01AD99517003FC87E /* Supporting Files */ = {
			isa = PBXGroup;
			children = (
				00E356F11AD99517003FC87E /* Info.plist */,
			);
			name = "Supporting Files";
			sourceTree = "<group>";
		};
		13B07FAE1A68108700A75B9A /* ChoreFishReact */ = {
			isa = PBXGroup;
			children = (
				008F07F21AC5B25A0029DE68 /* main.jsbundle */,
				13B07FAF1A68108700A75B9A /* AppDelegate.h */,
				13B07FB01A68108700A75B9A /* AppDelegate.m */,
				13B07FB51A68108700A75B9A /* Images.xcassets */,
				13B07FB61A68108700A75B9A /* Info.plist */,
				13B07FB11A68108700A75B9A /* LaunchScreen.xib */,
				13B07FB71A68108700A75B9A /* main.m */,
			);
			name = ChoreFishReact;
			sourceTree = "<group>";
		};
		2D16E6871FA4F8E400B85C8A /* Frameworks */ = {
			isa = PBXGroup;
			children = (
				ED297162215061F000B7C4FE /* JavaScriptCore.framework */,
				ED2971642150620600B7C4FE /* JavaScriptCore.framework */,
				63651B8201DB502CE918AAD4 /* libPods-ChoreFishReact.a */,
				9F397970C4D871588301FD0D /* libPods-ChoreFishReact-tvOS.a */,
				BB5F061E6464E89B14B4C112 /* libPods-ChoreFishReact-tvOSTests.a */,
				CDD88240BFFF2A5C8DDDBB2F /* libPods-ChoreFishReactTests.a */,
			);
			name = Frameworks;
			sourceTree = "<group>";
		};
		832341AE1AAA6A7D00B99B32 /* Libraries */ = {
			isa = PBXGroup;
			children = (
			);
			name = Libraries;
			sourceTree = "<group>";
		};
		83CBB9F61A601CBA00E9B192 = {
			isa = PBXGroup;
			children = (
				E60B268D23657ECC00E798A1 /* TPSStripe */,
				E6F648C2236564B400FFE463 /* boyzrgross.ttf */,
				13B07FAE1A68108700A75B9A /* ChoreFishReact */,
				832341AE1AAA6A7D00B99B32 /* Libraries */,
				00E356EF1AD99517003FC87E /* ChoreFishReactTests */,
				83CBBA001A601CBA00E9B192 /* Products */,
				2D16E6871FA4F8E400B85C8A /* Frameworks */,
				99BC8D56190B49529335CE96 /* Resources */,
				BA54EC2FB4EB67E7F5AB0525 /* Pods */,
			);
			indentWidth = 2;
			sourceTree = "<group>";
			tabWidth = 2;
			usesTabs = 0;
		};
		83CBBA001A601CBA00E9B192 /* Products */ = {
			isa = PBXGroup;
			children = (
				13B07F961A680F5B00A75B9A /* ChoreFishReact.app */,
			);
			name = Products;
			sourceTree = "<group>";
		};
		99BC8D56190B49529335CE96 /* Resources */ = {
			isa = PBXGroup;
			children = (
				1DA75C80CCF645C49E936C76 /* boyzrgro.ttf */,
				9B4704AAC88147B38EAAEED1 /* BoyzRGross.ttf */,
				0AB88482D91A4C8B8A39C836 /* AdventPro-Bold.ttf */,
				11D529048294442DBDC522EF /* AdventPro-ExtraLight.ttf */,
				EE656C73A8654BA19CB55FAB /* AdventPro-Light.ttf */,
				783049ACD2744E29A09DFFB5 /* AdventPro-Medium.ttf */,
				2793C96802B94577AD29BD56 /* AdventPro-Regular.ttf */,
				D59860265EE9466FB3D3FC59 /* AdventPro-SemiBold.ttf */,
				C0BA46D50121405CB72DB161 /* AdventPro-Thin.ttf */,
				4107BDFDDC6A4818AAE7DEAD /* AntDesign.ttf */,
				D86EB258F2664AFEBC6CDC27 /* Entypo.ttf */,
				050AAA8A740042A08593CE64 /* EvilIcons.ttf */,
				96D76FDCB5A64F2698E41DF9 /* Feather.ttf */,
				1DFC298D243C485CB2EC170B /* FontAwesome.ttf */,
				53497DA4109743CD9A0B4AC6 /* FontAwesome5_Brands.ttf */,
				688E83E00F2047ACBE25275F /* FontAwesome5_Regular.ttf */,
				C66ABBA3359C4B8B8AC7563D /* FontAwesome5_Solid.ttf */,
				D67C73F8CF57475EB037E201 /* Fontisto.ttf */,
				51FD4CC782EA4D22B83A33E5 /* Foundation.ttf */,
				82C2E4B63C354321AF9A88B6 /* Ionicons.ttf */,
				FCEB731DE90D48EDB912A9F9 /* MaterialCommunityIcons.ttf */,
				3D4CA9FD27474F8DAB733FE2 /* MaterialIcons.ttf */,
				08715402D1DB456BBA178AA0 /* Octicons.ttf */,
				823C2903424A47B4B4381571 /* SimpleLineIcons.ttf */,
				662D4156B5F746C288BA3461 /* Zocial.ttf */,
			);
			name = Resources;
			sourceTree = "<group>";
		};
		BA54EC2FB4EB67E7F5AB0525 /* Pods */ = {
			isa = PBXGroup;
			children = (
				61CFA0D79928E42D15899512 /* Pods-ChoreFishReact.debug.xcconfig */,
				C665D6670F10DF9C4770681B /* Pods-ChoreFishReact.release.xcconfig */,
				E303D8379CC337B2A6DF32B6 /* Pods-ChoreFishReact-tvOS.debug.xcconfig */,
				6659185C569567AB3C2680E0 /* Pods-ChoreFishReact-tvOS.release.xcconfig */,
				6D19530EC6DA5E0BD0849670 /* Pods-ChoreFishReact-tvOSTests.debug.xcconfig */,
				DD77C402904A39E6DBF3F096 /* Pods-ChoreFishReact-tvOSTests.release.xcconfig */,
				F09F278C63E2C855B1C5051C /* Pods-ChoreFishReactTests.debug.xcconfig */,
				633EBDCF47E537D662259B77 /* Pods-ChoreFishReactTests.release.xcconfig */,
			);
			path = Pods;
			sourceTree = "<group>";
		};
/* End PBXGroup section */

/* Begin PBXNativeTarget section */
		13B07F861A680F5B00A75B9A /* ChoreFishReact */ = {
			isa = PBXNativeTarget;
			buildConfigurationList = 13B07F931A680F5B00A75B9A /* Build configuration list for PBXNativeTarget "ChoreFishReact" */;
			buildPhases = (
				5F93F2901D65582BCABA8F37 /* [CP] Check Pods Manifest.lock */,
				FD10A7F022414F080027D42C /* Start Packager */,
				13B07F871A680F5B00A75B9A /* Sources */,
				13B07F8C1A680F5B00A75B9A /* Frameworks */,
				13B07F8E1A680F5B00A75B9A /* Resources */,
				00DD1BFF1BD5951E006B06BC /* Bundle React Native code and images */,
				7EFE307F39ADC013B6BA718E /* [CP] Copy Pods Resources */,
			);
			buildRules = (
			);
			dependencies = (
			);
			name = ChoreFishReact;
			productName = ChoreFishReact;
			productReference = 13B07F961A680F5B00A75B9A /* ChoreFishReact.app */;
			productType = "com.apple.product-type.application";
		};
/* End PBXNativeTarget section */

/* Begin PBXProject section */
		83CBB9F71A601CBA00E9B192 /* Project object */ = {
			isa = PBXProject;
			attributes = {
				LastUpgradeCheck = 940;
				ORGANIZATIONNAME = "GJ E Solutions";
			};
			buildConfigurationList = 83CBB9FA1A601CBA00E9B192 /* Build configuration list for PBXProject "ChoreFishReact" */;
			compatibilityVersion = "Xcode 10.0";
			developmentRegion = English;
			hasScannedForEncodings = 0;
			knownRegions = (
				en,
				Base,
			);
			mainGroup = 83CBB9F61A601CBA00E9B192;
			productRefGroup = 83CBBA001A601CBA00E9B192 /* Products */;
			projectDirPath = "";
			projectRoot = "";
			targets = (
				13B07F861A680F5B00A75B9A /* ChoreFishReact */,
			);
		};
/* End PBXProject section */

/* Begin PBXResourcesBuildPhase section */
		13B07F8E1A680F5B00A75B9A /* Resources */ = {
			isa = PBXResourcesBuildPhase;
			buildActionMask = 2147483647;
			files = (
				13B07FBF1A68108700A75B9A /* Images.xcassets in Resources */,
				13B07FBD1A68108700A75B9A /* LaunchScreen.xib in Resources */,
				E6F648C3236564B400FFE463 /* boyzrgross.ttf in Resources */,
				B21BB6ACBE1C41A39E7F8CED /* boyzrgro.ttf in Resources */,
				C3BB81A8B00D44D7B84867C4 /* BoyzRGross.ttf in Resources */,
				34CB62A24BB34F77B91C4C58 /* AdventPro-Bold.ttf in Resources */,
				05A2FC7C910849A38B71AC22 /* AdventPro-ExtraLight.ttf in Resources */,
				5839AB10120C46DDA67D0AFE /* AdventPro-Light.ttf in Resources */,
				5AE0B2F63B6847AB9B51C005 /* AdventPro-Medium.ttf in Resources */,
				B02366590AFA4B47863C3821 /* AdventPro-Regular.ttf in Resources */,
				F5C6C3176387452C9B9B680E /* AdventPro-SemiBold.ttf in Resources */,
				E60B268E23657ECD00E798A1 /* TPSStripe in Resources */,
				F17863CACAC94C67883CCC58 /* AdventPro-Thin.ttf in Resources */,
				E465E6760DA54A1DB9B09BA7 /* AntDesign.ttf in Resources */,
				5012F79EEF5B4D9CBB0CDC03 /* Entypo.ttf in Resources */,
				71712AE0735547E0ACEFB339 /* EvilIcons.ttf in Resources */,
				9A4AC710FE024559BF0959C5 /* Feather.ttf in Resources */,
				75D0DA6E6D744610AC1F98DA /* FontAwesome.ttf in Resources */,
				57222C750FAE43D6BC1CE064 /* FontAwesome5_Brands.ttf in Resources */,
				531BD13720784723913D3878 /* FontAwesome5_Regular.ttf in Resources */,
				61CD846425C64D918B495637 /* FontAwesome5_Solid.ttf in Resources */,
				33F45DBEB18F4EFF945F2C61 /* Fontisto.ttf in Resources */,
				01BE11C3EC7C4EA9BC094E08 /* Foundation.ttf in Resources */,
				2290D3614E1E4CD887A82338 /* Ionicons.ttf in Resources */,
				587E9FCAF4D843BB8436591C /* MaterialCommunityIcons.ttf in Resources */,
				740E5F11627D489E9BA8B90D /* MaterialIcons.ttf in Resources */,
				59CE0EDA63A946ABB8064611 /* Octicons.ttf in Resources */,
				8CE3AC25492F4B14856C8EA7 /* SimpleLineIcons.ttf in Resources */,
				EC3E40B9CB6E43129B449484 /* Zocial.ttf in Resources */,
			);
			runOnlyForDeploymentPostprocessing = 0;
		};
/* End PBXResourcesBuildPhase section */

/* Begin PBXShellScriptBuildPhase section */
		00DD1BFF1BD5951E006B06BC /* Bundle React Native code and images */ = {
			isa = PBXShellScriptBuildPhase;
			buildActionMask = 2147483647;
			files = (
			);
			inputPaths = (
			);
			name = "Bundle React Native code and images";
			outputPaths = (
			);
			runOnlyForDeploymentPostprocessing = 0;
			shellPath = /bin/sh;
			shellScript = "export NODE_BINARY=node\n../node_modules/react-native/scripts/react-native-xcode.sh";
		};
		5F93F2901D65582BCABA8F37 /* [CP] Check Pods Manifest.lock */ = {
			isa = PBXShellScriptBuildPhase;
			buildActionMask = 2147483647;
			files = (
			);
			inputFileListPaths = (
			);
			inputPaths = (
				"${PODS_PODFILE_DIR_PATH}/Podfile.lock",
				"${PODS_ROOT}/Manifest.lock",
			);
			name = "[CP] Check Pods Manifest.lock";
			outputFileListPaths = (
			);
			outputPaths = (
				"$(DERIVED_FILE_DIR)/Pods-ChoreFishReact-checkManifestLockResult.txt",
			);
			runOnlyForDeploymentPostprocessing = 0;
			shellPath = /bin/sh;
			shellScript = "diff \"${PODS_PODFILE_DIR_PATH}/Podfile.lock\" \"${PODS_ROOT}/Manifest.lock\" > /dev/null\nif [ $? != 0 ] ; then\n    # print error to STDERR\n    echo \"error: The sandbox is not in sync with the Podfile.lock. Run 'pod install' or update your CocoaPods installation.\" >&2\n    exit 1\nfi\n# This output is used by Xcode 'outputs' to avoid re-running this script phase.\necho \"SUCCESS\" > \"${SCRIPT_OUTPUT_FILE_0}\"\n";
			showEnvVarsInLog = 0;
		};
		7EFE307F39ADC013B6BA718E /* [CP] Copy Pods Resources */ = {
			isa = PBXShellScriptBuildPhase;
			buildActionMask = 2147483647;
			files = (
			);
			inputFileListPaths = (
				"${PODS_ROOT}/Target Support Files/Pods-ChoreFishReact/Pods-ChoreFishReact-resources-${CONFIGURATION}-input-files.xcfilelist",
			);
			name = "[CP] Copy Pods Resources";
			outputFileListPaths = (
				"${PODS_ROOT}/Target Support Files/Pods-ChoreFishReact/Pods-ChoreFishReact-resources-${CONFIGURATION}-output-files.xcfilelist",
			);
			runOnlyForDeploymentPostprocessing = 0;
			shellPath = /bin/sh;
			shellScript = "\"${PODS_ROOT}/Target Support Files/Pods-ChoreFishReact/Pods-ChoreFishReact-resources.sh\"\n";
			showEnvVarsInLog = 0;
		};
		FD10A7F022414F080027D42C /* Start Packager */ = {
			isa = PBXShellScriptBuildPhase;
			buildActionMask = 2147483647;
			files = (
			);
			inputFileListPaths = (
			);
			inputPaths = (
			);
			name = "Start Packager";
			outputFileListPaths = (
			);
			outputPaths = (
			);
			runOnlyForDeploymentPostprocessing = 0;
			shellPath = /bin/sh;
			shellScript = "export RCT_METRO_PORT=\"${RCT_METRO_PORT:=8081}\"\necho \"export RCT_METRO_PORT=${RCT_METRO_PORT}\" > \"${SRCROOT}/../node_modules/react-native/scripts/.packager.env\"\nif [ -z \"${RCT_NO_LAUNCH_PACKAGER+xxx}\" ] ; then\n  if nc -w 5 -z localhost ${RCT_METRO_PORT} ; then\n    if ! curl -s \"http://localhost:${RCT_METRO_PORT}/status\" | grep -q \"packager-status:running\" ; then\n      echo \"Port ${RCT_METRO_PORT} already in use, packager is either not running or not running correctly\"\n      exit 2\n    fi\n  else\n    open \"$SRCROOT/../node_modules/react-native/scripts/launchPackager.command\" || echo \"Can't start packager automatically\"\n  fi\nfi\n";
			showEnvVarsInLog = 0;
		};
/* End PBXShellScriptBuildPhase section */

/* Begin PBXSourcesBuildPhase section */
		13B07F871A680F5B00A75B9A /* Sources */ = {
			isa = PBXSourcesBuildPhase;
			buildActionMask = 2147483647;
			files = (
				13B07FBC1A68108700A75B9A /* AppDelegate.m in Sources */,
				13B07FC11A68108700A75B9A /* main.m in Sources */,
			);
			runOnlyForDeploymentPostprocessing = 0;
		};
/* End PBXSourcesBuildPhase section */

/* Begin PBXVariantGroup section */
		13B07FB11A68108700A75B9A /* LaunchScreen.xib */ = {
			isa = PBXVariantGroup;
			children = (
				13B07FB21A68108700A75B9A /* Base */,
			);
			name = LaunchScreen.xib;
			path = ChoreFishReact;
			sourceTree = "<group>";
		};
/* End PBXVariantGroup section */

/* Begin XCBuildConfiguration section */
		13B07F941A680F5B00A75B9A /* Debug */ = {
			isa = XCBuildConfiguration;
			baseConfigurationReference = 61CFA0D79928E42D15899512 /* Pods-ChoreFishReact.debug.xcconfig */;
			buildSettings = {
				ASSETCATALOG_COMPILER_APPICON_NAME = AppIcon;
				CODE_SIGN_IDENTITY = "iPhone Developer";
				CODE_SIGN_STYLE = Automatic;
				CURRENT_PROJECT_VERSION = 1;
				DEAD_CODE_STRIPPING = NO;
				DEVELOPMENT_TEAM = U5G9FGPMPG;
				INFOPLIST_FILE = ChoreFishReact/Info.plist;
				LD_RUNPATH_SEARCH_PATHS = (
					"$(inherited)",
					"@executable_path/Frameworks",
				);
				OTHER_LDFLAGS = (
					"$(inherited)",
					"-ObjC",
					"-lc++",
				);
				PRODUCT_BUNDLE_IDENTIFIER = com.chorefishreact;
				PRODUCT_NAME = ChoreFishReact;
				PROVISIONING_PROFILE_SPECIFIER = "";
				TARGETED_DEVICE_FAMILY = 1;
				VERSIONING_SYSTEM = "apple-generic";
			};
			name = Debug;
		};
		13B07F951A680F5B00A75B9A /* Release */ = {
			isa = XCBuildConfiguration;
			baseConfigurationReference = C665D6670F10DF9C4770681B /* Pods-ChoreFishReact.release.xcconfig */;
			buildSettings = {
				ASSETCATALOG_COMPILER_APPICON_NAME = AppIcon;
				CODE_SIGN_IDENTITY = "iPhone Developer";
				CODE_SIGN_STYLE = Automatic;
				CURRENT_PROJECT_VERSION = 1;
				DEVELOPMENT_TEAM = U5G9FGPMPG;
				INFOPLIST_FILE = ChoreFishReact/Info.plist;
				LD_RUNPATH_SEARCH_PATHS = (
					"$(inherited)",
					"@executable_path/Frameworks",
				);
				OTHER_LDFLAGS = (
					"$(inherited)",
					"-ObjC",
					"-lc++",
				);
				PRODUCT_BUNDLE_IDENTIFIER = com.chorefishreact;
				PRODUCT_NAME = ChoreFishReact;
				PROVISIONING_PROFILE_SPECIFIER = "";
				TARGETED_DEVICE_FAMILY = 1;
				VERSIONING_SYSTEM = "apple-generic";
			};
			name = Release;
		};
		83CBBA201A601CBA00E9B192 /* Debug */ = {
			isa = XCBuildConfiguration;
			buildSettings = {
				ALWAYS_SEARCH_USER_PATHS = NO;
				CLANG_CXX_LANGUAGE_STANDARD = "gnu++0x";
				CLANG_CXX_LIBRARY = "libc++";
				CLANG_ENABLE_MODULES = YES;
				CLANG_ENABLE_OBJC_ARC = YES;
				CLANG_WARN_BLOCK_CAPTURE_AUTORELEASING = YES;
				CLANG_WARN_BOOL_CONVERSION = YES;
				CLANG_WARN_COMMA = YES;
				CLANG_WARN_CONSTANT_CONVERSION = YES;
				CLANG_WARN_DEPRECATED_OBJC_IMPLEMENTATIONS = YES;
				CLANG_WARN_DIRECT_OBJC_ISA_USAGE = YES_ERROR;
				CLANG_WARN_EMPTY_BODY = YES;
				CLANG_WARN_ENUM_CONVERSION = YES;
				CLANG_WARN_INFINITE_RECURSION = YES;
				CLANG_WARN_INT_CONVERSION = YES;
				CLANG_WARN_NON_LITERAL_NULL_CONVERSION = YES;
				CLANG_WARN_OBJC_IMPLICIT_RETAIN_SELF = YES;
				CLANG_WARN_OBJC_LITERAL_CONVERSION = YES;
				CLANG_WARN_OBJC_ROOT_CLASS = YES_ERROR;
				CLANG_WARN_RANGE_LOOP_ANALYSIS = YES;
				CLANG_WARN_STRICT_PROTOTYPES = YES;
				CLANG_WARN_SUSPICIOUS_MOVE = YES;
				CLANG_WARN_UNREACHABLE_CODE = YES;
				CLANG_WARN__DUPLICATE_METHOD_MATCH = YES;
				"CODE_SIGN_IDENTITY[sdk=iphoneos*]" = "iPhone Developer";
				COPY_PHASE_STRIP = NO;
				ENABLE_STRICT_OBJC_MSGSEND = YES;
				ENABLE_TESTABILITY = YES;
				GCC_C_LANGUAGE_STANDARD = gnu99;
				GCC_DYNAMIC_NO_PIC = NO;
				GCC_NO_COMMON_BLOCKS = YES;
				GCC_OPTIMIZATION_LEVEL = 0;
				GCC_PREPROCESSOR_DEFINITIONS = (
					"DEBUG=1",
					"$(inherited)",
				);
				GCC_SYMBOLS_PRIVATE_EXTERN = NO;
				GCC_WARN_64_TO_32_BIT_CONVERSION = YES;
				GCC_WARN_ABOUT_RETURN_TYPE = YES_ERROR;
				GCC_WARN_UNDECLARED_SELECTOR = YES;
				GCC_WARN_UNINITIALIZED_AUTOS = YES_AGGRESSIVE;
				GCC_WARN_UNUSED_FUNCTION = YES;
				GCC_WARN_UNUSED_VARIABLE = YES;
				IPHONEOS_DEPLOYMENT_TARGET = 9.0;
				MTL_ENABLE_DEBUG_INFO = YES;
				ONLY_ACTIVE_ARCH = YES;
				SDKROOT = iphoneos;
			};
			name = Debug;
		};
		83CBBA211A601CBA00E9B192 /* Release */ = {
			isa = XCBuildConfiguration;
			buildSettings = {
				ALWAYS_SEARCH_USER_PATHS = NO;
				CLANG_CXX_LANGUAGE_STANDARD = "gnu++0x";
				CLANG_CXX_LIBRARY = "libc++";
				CLANG_ENABLE_MODULES = YES;
				CLANG_ENABLE_OBJC_ARC = YES;
				CLANG_WARN_BLOCK_CAPTURE_AUTORELEASING = YES;
				CLANG_WARN_BOOL_CONVERSION = YES;
				CLANG_WARN_COMMA = YES;
				CLANG_WARN_CONSTANT_CONVERSION = YES;
				CLANG_WARN_DEPRECATED_OBJC_IMPLEMENTATIONS = YES;
				CLANG_WARN_DIRECT_OBJC_ISA_USAGE = YES_ERROR;
				CLANG_WARN_EMPTY_BODY = YES;
				CLANG_WARN_ENUM_CONVERSION = YES;
				CLANG_WARN_INFINITE_RECURSION = YES;
				CLANG_WARN_INT_CONVERSION = YES;
				CLANG_WARN_NON_LITERAL_NULL_CONVERSION = YES;
				CLANG_WARN_OBJC_IMPLICIT_RETAIN_SELF = YES;
				CLANG_WARN_OBJC_LITERAL_CONVERSION = YES;
				CLANG_WARN_OBJC_ROOT_CLASS = YES_ERROR;
				CLANG_WARN_RANGE_LOOP_ANALYSIS = YES;
				CLANG_WARN_STRICT_PROTOTYPES = YES;
				CLANG_WARN_SUSPICIOUS_MOVE = YES;
				CLANG_WARN_UNREACHABLE_CODE = YES;
				CLANG_WARN__DUPLICATE_METHOD_MATCH = YES;
				"CODE_SIGN_IDENTITY[sdk=iphoneos*]" = "iPhone Developer";
				COPY_PHASE_STRIP = YES;
				ENABLE_NS_ASSERTIONS = NO;
				ENABLE_STRICT_OBJC_MSGSEND = YES;
				GCC_C_LANGUAGE_STANDARD = gnu99;
				GCC_NO_COMMON_BLOCKS = YES;
				GCC_WARN_64_TO_32_BIT_CONVERSION = YES;
				GCC_WARN_ABOUT_RETURN_TYPE = YES_ERROR;
				GCC_WARN_UNDECLARED_SELECTOR = YES;
				GCC_WARN_UNINITIALIZED_AUTOS = YES_AGGRESSIVE;
				GCC_WARN_UNUSED_FUNCTION = YES;
				GCC_WARN_UNUSED_VARIABLE = YES;
				IPHONEOS_DEPLOYMENT_TARGET = 9.0;
				MTL_ENABLE_DEBUG_INFO = NO;
				SDKROOT = iphoneos;
				VALIDATE_PRODUCT = YES;
			};
			name = Release;
		};
/* End XCBuildConfiguration section */

/* Begin XCConfigurationList section */
		13B07F931A680F5B00A75B9A /* Build configuration list for PBXNativeTarget "ChoreFishReact" */ = {
			isa = XCConfigurationList;
			buildConfigurations = (
				13B07F941A680F5B00A75B9A /* Debug */,
				13B07F951A680F5B00A75B9A /* Release */,
			);
			defaultConfigurationIsVisible = 0;
			defaultConfigurationName = Release;
		};
		83CBB9FA1A601CBA00E9B192 /* Build configuration list for PBXProject "ChoreFishReact" */ = {
			isa = XCConfigurationList;
			buildConfigurations = (
				83CBBA201A601CBA00E9B192 /* Debug */,
				83CBBA211A601CBA00E9B192 /* Release */,
			);
			defaultConfigurationIsVisible = 0;
			defaultConfigurationName = Release;
		};
/* End XCConfigurationList section */
	};
	rootObject = 83CBB9F71A601CBA00E9B192 /* Project object */;
}
